
Microsoft Visual Studio Solution File, Format Version 12.00
# Visual Studio Version 17
VisualStudioVersion = 17.9.34723.18
MinimumVisualStudioVersion = 10.0.40219.1
Project("{FAE04EC0-301F-11D3-BF4B-00C04F79EFBC}") = "Lista3Ex12", "Lista3Ex12.csproj", "{EBA6A2FB-6AEA-47F4-97EF-9A3C70ADF901}"
EndProject
Global
	GlobalSection(SolutionConfigurationPlatforms) = preSolution
		Debug|Any CPU = Debug|Any CPU
		Release|Any CPU = Release|Any CPU
	EndGlobalSection
	GlobalSection(ProjectConfigurationPlatforms) = postSolution
		{EBA6A2FB-6AEA-47F4-97EF-9A3C70ADF901}.Debug|Any CPU.ActiveCfg = Debug|Any CPU
		{EBA6A2FB-6AEA-47F4-97EF-9A3C70ADF901}.Debug|Any CPU.Build.0 = Debug|Any CPU
		{EBA6A2FB-6AEA-47F4-97EF-9A3C70ADF901}.Release|Any CPU.ActiveCfg = Release|Any CPU
		{EBA6A2FB-6AEA-47F4-97EF-9A3C70ADF901}.Release|Any CPU.Build.0 = Release|Any CPU
	EndGlobalSection
	GlobalSection(SolutionProperties) = preSolution
		HideSolutionNode = FALSE
	EndGlobalSection
	GlobalSection(ExtensibilityGlobals) = postSolution
		SolutionGuid = {A20D21A4-F96E-49C5-AA40-03B1D134FCA2}
	EndGlobalSection
EndGlobal
