
Microsoft Visual Studio Solution File, Format Version 12.00
# Visual Studio Version 17
VisualStudioVersion = 17.9.34723.18
MinimumVisualStudioVersion = 10.0.40219.1
Project("{FAE04EC0-301F-11D3-BF4B-00C04F79EFBC}") = "Lista2Ex13", "Lista2Ex13.csproj", "{DCC49631-B04C-4498-8D3C-6F0709B509FE}"
EndProject
Global
	GlobalSection(SolutionConfigurationPlatforms) = preSolution
		Debug|Any CPU = Debug|Any CPU
		Release|Any CPU = Release|Any CPU
	EndGlobalSection
	GlobalSection(ProjectConfigurationPlatforms) = postSolution
		{DCC49631-B04C-4498-8D3C-6F0709B509FE}.Debug|Any CPU.ActiveCfg = Debug|Any CPU
		{DCC49631-B04C-4498-8D3C-6F0709B509FE}.Debug|Any CPU.Build.0 = Debug|Any CPU
		{DCC49631-B04C-4498-8D3C-6F0709B509FE}.Release|Any CPU.ActiveCfg = Release|Any CPU
		{DCC49631-B04C-4498-8D3C-6F0709B509FE}.Release|Any CPU.Build.0 = Release|Any CPU
	EndGlobalSection
	GlobalSection(SolutionProperties) = preSolution
		HideSolutionNode = FALSE
	EndGlobalSection
	GlobalSection(ExtensibilityGlobals) = postSolution
		SolutionGuid = {84C1B472-86E1-47AB-AFFD-AEFDFD3C1D21}
	EndGlobalSection
EndGlobal
