
Microsoft Visual Studio Solution File, Format Version 12.00
# Visual Studio Version 17
VisualStudioVersion = 17.9.34723.18
MinimumVisualStudioVersion = 10.0.40219.1
Project("{FAE04EC0-301F-11D3-BF4B-00C04F79EFBC}") = "Lista3Ex2", "Lista3Ex2.csproj", "{CBB46879-734E-46DC-B52C-E31C3764DDCA}"
EndProject
Global
	GlobalSection(SolutionConfigurationPlatforms) = preSolution
		Debug|Any CPU = Debug|Any CPU
		Release|Any CPU = Release|Any CPU
	EndGlobalSection
	GlobalSection(ProjectConfigurationPlatforms) = postSolution
		{CBB46879-734E-46DC-B52C-E31C3764DDCA}.Debug|Any CPU.ActiveCfg = Debug|Any CPU
		{CBB46879-734E-46DC-B52C-E31C3764DDCA}.Debug|Any CPU.Build.0 = Debug|Any CPU
		{CBB46879-734E-46DC-B52C-E31C3764DDCA}.Release|Any CPU.ActiveCfg = Release|Any CPU
		{CBB46879-734E-46DC-B52C-E31C3764DDCA}.Release|Any CPU.Build.0 = Release|Any CPU
	EndGlobalSection
	GlobalSection(SolutionProperties) = preSolution
		HideSolutionNode = FALSE
	EndGlobalSection
	GlobalSection(ExtensibilityGlobals) = postSolution
		SolutionGuid = {910EE348-2B5E-4D8D-A943-AC63EBE9E5B1}
	EndGlobalSection
EndGlobal
